
Microsoft Visual Studio Solution File, Format Version 12.00
# Visual Studio Version 16
VisualStudioVersion = 16.0.29306.81
MinimumVisualStudioVersion = 10.0.40219.1
Project("{8BC9CEB8-8B4A-11D0-8D11-00A0C91BC942}") = "concurrencpp", "concurrencpp\concurrencpp.vcxproj", "{A601C14A-1C0A-4936-8D69-81F7900BD1CC}"
EndProject
Project("{8BC9CEB8-8B4A-11D0-8D11-00A0C91BC942}") = "tests", "tests\tests.vcxproj", "{0A2A9A42-0A48-4A85-A8C4-4602C83F7890}"
EndProject
Project("{8BC9CEB8-8B4A-11D0-8D11-00A0C91BC942}") = "sandbox", "sandbox\sandbox.vcxproj", "{5E8B23AB-2017-4E51-A1AB-09B74BAF203E}"
EndProject
Project("{2150E333-8FDC-42A3-9474-1A3956D46DE8}") = "examples", "examples", "{2DA8E806-E3C9-4769-9DBA-115486C46E53}"
EndProject
Project("{8BC9CEB8-8B4A-11D0-8D11-00A0C91BC942}") = "async_file_processing", "examples\async_file_processing\async_file_processing.vcxproj", "{AB82AF24-5047-41C9-92A0-633FF12EFCD5}"
EndProject
Project("{8BC9CEB8-8B4A-11D0-8D11-00A0C91BC942}") = "async_sql", "examples\async_sql\async_sql.vcxproj", "{37663DB1-4C93-432C-854B-33655518C0AC}"
EndProject
Project("{8BC9CEB8-8B4A-11D0-8D11-00A0C91BC942}") = "process_monitor", "examples\process_monitor\process_monitor.vcxproj", "{902B5A42-E94E-4387-94D4-319D2CA7E4A5}"
EndProject
Project("{8BC9CEB8-8B4A-11D0-8D11-00A0C91BC942}") = "synchronous_web_socket", "examples\synchronous_web_socket\synchronous_web_socket.vcxproj", "{19D095AF-8B3C-49A5-9BC4-12B1523AF49D}"
EndProject
Global
	GlobalSection(SolutionConfigurationPlatforms) = preSolution
		Debug|x64 = Debug|x64
		Debug|x86 = Debug|x86
		Release|x64 = Release|x64
		Release|x86 = Release|x86
	EndGlobalSection
	GlobalSection(ProjectConfigurationPlatforms) = postSolution
		{A601C14A-1C0A-4936-8D69-81F7900BD1CC}.Debug|x64.ActiveCfg = Debug|x64
		{A601C14A-1C0A-4936-8D69-81F7900BD1CC}.Debug|x64.Build.0 = Debug|x64
		{A601C14A-1C0A-4936-8D69-81F7900BD1CC}.Debug|x86.ActiveCfg = Debug|Win32
		{A601C14A-1C0A-4936-8D69-81F7900BD1CC}.Debug|x86.Build.0 = Debug|Win32
		{A601C14A-1C0A-4936-8D69-81F7900BD1CC}.Release|x64.ActiveCfg = Release|x64
		{A601C14A-1C0A-4936-8D69-81F7900BD1CC}.Release|x64.Build.0 = Release|x64
		{A601C14A-1C0A-4936-8D69-81F7900BD1CC}.Release|x86.ActiveCfg = Release|Win32
		{A601C14A-1C0A-4936-8D69-81F7900BD1CC}.Release|x86.Build.0 = Release|Win32
		{0A2A9A42-0A48-4A85-A8C4-4602C83F7890}.Debug|x64.ActiveCfg = Debug|x64
		{0A2A9A42-0A48-4A85-A8C4-4602C83F7890}.Debug|x64.Build.0 = Debug|x64
		{0A2A9A42-0A48-4A85-A8C4-4602C83F7890}.Debug|x86.ActiveCfg = Debug|Win32
		{0A2A9A42-0A48-4A85-A8C4-4602C83F7890}.Debug|x86.Build.0 = Debug|Win32
		{0A2A9A42-0A48-4A85-A8C4-4602C83F7890}.Release|x64.ActiveCfg = Release|x64
		{0A2A9A42-0A48-4A85-A8C4-4602C83F7890}.Release|x64.Build.0 = Release|x64
		{0A2A9A42-0A48-4A85-A8C4-4602C83F7890}.Release|x86.ActiveCfg = Release|Win32
		{0A2A9A42-0A48-4A85-A8C4-4602C83F7890}.Release|x86.Build.0 = Release|Win32
		{5E8B23AB-2017-4E51-A1AB-09B74BAF203E}.Debug|x64.ActiveCfg = Debug|x64
		{5E8B23AB-2017-4E51-A1AB-09B74BAF203E}.Debug|x64.Build.0 = Debug|x64
		{5E8B23AB-2017-4E51-A1AB-09B74BAF203E}.Debug|x86.ActiveCfg = Debug|Win32
		{5E8B23AB-2017-4E51-A1AB-09B74BAF203E}.Debug|x86.Build.0 = Debug|Win32
		{5E8B23AB-2017-4E51-A1AB-09B74BAF203E}.Release|x64.ActiveCfg = Release|x64
		{5E8B23AB-2017-4E51-A1AB-09B74BAF203E}.Release|x64.Build.0 = Release|x64
		{5E8B23AB-2017-4E51-A1AB-09B74BAF203E}.Release|x86.ActiveCfg = Release|Win32
		{5E8B23AB-2017-4E51-A1AB-09B74BAF203E}.Release|x86.Build.0 = Release|Win32
		{AB82AF24-5047-41C9-92A0-633FF12EFCD5}.Debug|x64.ActiveCfg = Debug|x64
		{AB82AF24-5047-41C9-92A0-633FF12EFCD5}.Debug|x64.Build.0 = Debug|x64
		{AB82AF24-5047-41C9-92A0-633FF12EFCD5}.Debug|x86.ActiveCfg = Debug|Win32
		{AB82AF24-5047-41C9-92A0-633FF12EFCD5}.Debug|x86.Build.0 = Debug|Win32
		{AB82AF24-5047-41C9-92A0-633FF12EFCD5}.Release|x64.ActiveCfg = Release|x64
		{AB82AF24-5047-41C9-92A0-633FF12EFCD5}.Release|x64.Build.0 = Release|x64
		{AB82AF24-5047-41C9-92A0-633FF12EFCD5}.Release|x86.ActiveCfg = Release|Win32
		{AB82AF24-5047-41C9-92A0-633FF12EFCD5}.Release|x86.Build.0 = Release|Win32
		{37663DB1-4C93-432C-854B-33655518C0AC}.Debug|x64.ActiveCfg = Debug|x64
		{37663DB1-4C93-432C-854B-33655518C0AC}.Debug|x64.Build.0 = Debug|x64
		{37663DB1-4C93-432C-854B-33655518C0AC}.Debug|x86.ActiveCfg = Debug|Win32
		{37663DB1-4C93-432C-854B-33655518C0AC}.Debug|x86.Build.0 = Debug|Win32
		{37663DB1-4C93-432C-854B-33655518C0AC}.Release|x64.ActiveCfg = Release|x64
		{37663DB1-4C93-432C-854B-33655518C0AC}.Release|x64.Build.0 = Release|x64
		{37663DB1-4C93-432C-854B-33655518C0AC}.Release|x86.ActiveCfg = Release|Win32
		{37663DB1-4C93-432C-854B-33655518C0AC}.Release|x86.Build.0 = Release|Win32
		{902B5A42-E94E-4387-94D4-319D2CA7E4A5}.Debug|x64.ActiveCfg = Debug|x64
		{902B5A42-E94E-4387-94D4-319D2CA7E4A5}.Debug|x64.Build.0 = Debug|x64
		{902B5A42-E94E-4387-94D4-319D2CA7E4A5}.Debug|x86.ActiveCfg = Debug|Win32
		{902B5A42-E94E-4387-94D4-319D2CA7E4A5}.Debug|x86.Build.0 = Debug|Win32
		{902B5A42-E94E-4387-94D4-319D2CA7E4A5}.Release|x64.ActiveCfg = Release|x64
		{902B5A42-E94E-4387-94D4-319D2CA7E4A5}.Release|x64.Build.0 = Release|x64
		{902B5A42-E94E-4387-94D4-319D2CA7E4A5}.Release|x86.ActiveCfg = Release|Win32
		{902B5A42-E94E-4387-94D4-319D2CA7E4A5}.Release|x86.Build.0 = Release|Win32
		{19D095AF-8B3C-49A5-9BC4-12B1523AF49D}.Debug|x64.ActiveCfg = Debug|x64
		{19D095AF-8B3C-49A5-9BC4-12B1523AF49D}.Debug|x64.Build.0 = Debug|x64
		{19D095AF-8B3C-49A5-9BC4-12B1523AF49D}.Debug|x86.ActiveCfg = Debug|Win32
		{19D095AF-8B3C-49A5-9BC4-12B1523AF49D}.Debug|x86.Build.0 = Debug|Win32
		{19D095AF-8B3C-49A5-9BC4-12B1523AF49D}.Release|x64.ActiveCfg = Release|x64
		{19D095AF-8B3C-49A5-9BC4-12B1523AF49D}.Release|x64.Build.0 = Release|x64
		{19D095AF-8B3C-49A5-9BC4-12B1523AF49D}.Release|x86.ActiveCfg = Release|Win32
		{19D095AF-8B3C-49A5-9BC4-12B1523AF49D}.Release|x86.Build.0 = Release|Win32
	EndGlobalSection
	GlobalSection(SolutionProperties) = preSolution
		HideSolutionNode = FALSE
	EndGlobalSection
	GlobalSection(NestedProjects) = preSolution
		{AB82AF24-5047-41C9-92A0-633FF12EFCD5} = {2DA8E806-E3C9-4769-9DBA-115486C46E53}
		{37663DB1-4C93-432C-854B-33655518C0AC} = {2DA8E806-E3C9-4769-9DBA-115486C46E53}
		{902B5A42-E94E-4387-94D4-319D2CA7E4A5} = {2DA8E806-E3C9-4769-9DBA-115486C46E53}
		{19D095AF-8B3C-49A5-9BC4-12B1523AF49D} = {2DA8E806-E3C9-4769-9DBA-115486C46E53}
	EndGlobalSection
	GlobalSection(ExtensibilityGlobals) = postSolution
		SolutionGuid = {E70D1E04-F3D4-4B7B-BEE3-C4A087688E6A}
	EndGlobalSection
EndGlobal
