<?xml version="1.0" encoding="utf-8"?>
<Project ToolsVersion="4.0" xmlns="http://schemas.microsoft.com/developer/msbuild/2003">
  <ItemGroup>
    <Filter Include="include">
      <UniqueIdentifier>{9c15969f-46ea-4415-96e8-179d7a9c6638}</UniqueIdentifier>
    </Filter>
    <Filter Include="src">
      <UniqueIdentifier>{970bac86-f24c-4195-a4e8-b328a260413a}</UniqueIdentifier>
    </Filter>
    <Filter Include="src\executors">
      <UniqueIdentifier>{421fe61a-0e0c-4bf8-9fc0-9000434b8d34}</UniqueIdentifier>
    </Filter>
    <Filter Include="src\runtime">
      <UniqueIdentifier>{18d4292b-dc65-48c4-a1ca-15d92db3cf3d}</UniqueIdentifier>
    </Filter>
    <Filter Include="src\timers">
      <UniqueIdentifier>{8f6789c2-a812-4293-8f92-239931b2df03}</UniqueIdentifier>
    </Filter>
    <Filter Include="src\utils">
      <UniqueIdentifier>{c3920d6c-4235-4dfe-8d0e-9ecac21b7e6a}</UniqueIdentifier>
    </Filter>
    <Filter Include="src\threads">
      <UniqueIdentifier>{6b0c2aa1-b1c4-4259-889f-e4012abd026b}</UniqueIdentifier>
    </Filter>
    <Filter Include="src\results">
      <UniqueIdentifier>{ce8f71ce-07cb-42b4-9ad4-396c4fa8d86f}</UniqueIdentifier>
    </Filter>
  </ItemGroup>
  <ItemGroup>
    <ClInclude Include="include\concurrencpp.h">
      <Filter>include</Filter>
    </ClInclude>
    <ClInclude Include="src\errors.h">
      <Filter>src</Filter>
    </ClInclude>
    <ClInclude Include="src\forward_declerations.h">
      <Filter>src</Filter>
    </ClInclude>
    <ClInclude Include="src\platform_defs.h">
      <Filter>src</Filter>
    </ClInclude>
    <ClInclude Include="src\timers\timer.h">
      <Filter>src\timers</Filter>
    </ClInclude>
    <ClInclude Include="src\timers\timer_queue.h">
      <Filter>src\timers</Filter>
    </ClInclude>
    <ClInclude Include="src\runtime\runtime.h">
      <Filter>src\runtime</Filter>
    </ClInclude>
    <ClInclude Include="src\executors\executor.h">
      <Filter>src\executors</Filter>
    </ClInclude>
    <ClInclude Include="src\utils\bind.h">
      <Filter>src\utils</Filter>
    </ClInclude>
    <ClInclude Include="src\executors\constants.h">
      <Filter>src\executors</Filter>
    </ClInclude>
    <ClInclude Include="src\runtime\constants.h">
      <Filter>src\runtime</Filter>
    </ClInclude>
    <ClInclude Include="src\executors\inline_executor.h">
      <Filter>src\executors</Filter>
    </ClInclude>
    <ClInclude Include="src\executors\manual_executor.h">
      <Filter>src\executors</Filter>
    </ClInclude>
    <ClInclude Include="src\executors\thread_executor.h">
      <Filter>src\executors</Filter>
    </ClInclude>
    <ClInclude Include="src\executors\thread_pool_executor.h">
      <Filter>src\executors</Filter>
    </ClInclude>
    <ClInclude Include="src\executors\worker_thread_executor.h">
      <Filter>src\executors</Filter>
    </ClInclude>
    <ClInclude Include="src\executors\executor_all.h">
      <Filter>src\executors</Filter>
    </ClInclude>
    <ClInclude Include="src\threads\thread.h">
      <Filter>src\threads</Filter>
    </ClInclude>
    <ClInclude Include="src\results\result_fwd_declerations.h">
      <Filter>src\results</Filter>
    </ClInclude>
    <ClInclude Include="src\results\result_core.h">
      <Filter>src\results</Filter>
    </ClInclude>
    <ClInclude Include="src\results\result_awaitable.h">
      <Filter>src\results</Filter>
    </ClInclude>
    <ClInclude Include="src\results\result.h">
      <Filter>src\results</Filter>
    </ClInclude>
    <ClInclude Include="src\results\promises.h">
      <Filter>src\results</Filter>
    </ClInclude>
    <ClInclude Include="src\results\executor_exception.h">
      <Filter>src\results</Filter>
    </ClInclude>
    <ClInclude Include="src\results\constants.h">
      <Filter>src\results</Filter>
    </ClInclude>
  </ItemGroup>
  <ItemGroup>
    <ClCompile Include="src\timers\timer.cpp">
      <Filter>src\timers</Filter>
    </ClCompile>
    <ClCompile Include="src\timers\timer_queue.cpp">
      <Filter>src\timers</Filter>
    </ClCompile>
    <ClCompile Include="src\runtime\runtime.cpp">
      <Filter>src\runtime</Filter>
    </ClCompile>
    <ClCompile Include="src\executors\manual_executor.cpp">
      <Filter>src\executors</Filter>
    </ClCompile>
    <ClCompile Include="src\executors\thread_executor.cpp">
      <Filter>src\executors</Filter>
    </ClCompile>
    <ClCompile Include="src\executors\thread_pool_executor.cpp">
      <Filter>src\executors</Filter>
    </ClCompile>
    <ClCompile Include="src\executors\worker_thread_executor.cpp">
      <Filter>src\executors</Filter>
    </ClCompile>
    <ClCompile Include="src\executors\executor.cpp">
      <Filter>src\executors</Filter>
    </ClCompile>
    <ClCompile Include="src\threads\thread.cpp">
      <Filter>src\threads</Filter>
    </ClCompile>
    <ClCompile Include="src\results\result_core.cpp">
      <Filter>src\results</Filter>
    </ClCompile>
  </ItemGroup>
</Project>